// !$*UTF8*$!
{
	archiveVersion = 1;
	classes = {
	};
	objectVersion = 56;
	objects = {

/* Begin PBXBuildFile section */
		822220962B62775300CD2F66 /* AppetizersApp.swift in Sources */ = {isa = PBXBuildFile; fileRef = 822220952B62775300CD2F66 /* AppetizersApp.swift */; };
		822220982B62775300CD2F66 /* AppetizersTabView.swift in Sources */ = {isa = PBXBuildFile; fileRef = 822220972B62775300CD2F66 /* AppetizersTabView.swift */; };
		8222209A2B62775500CD2F66 /* Assets.xcassets in Resources */ = {isa = PBXBuildFile; fileRef = 822220992B62775500CD2F66 /* Assets.xcassets */; };
		8222209D2B62775500CD2F66 /* Preview Assets.xcassets in Resources */ = {isa = PBXBuildFile; fileRef = 8222209C2B62775500CD2F66 /* Preview Assets.xcassets */; };
		822220A72B62775600CD2F66 /* AppetizersTests.swift in Sources */ = {isa = PBXBuildFile; fileRef = 822220A62B62775600CD2F66 /* AppetizersTests.swift */; };
		822220B12B62775600CD2F66 /* AppetizersUITests.swift in Sources */ = {isa = PBXBuildFile; fileRef = 822220B02B62775600CD2F66 /* AppetizersUITests.swift */; };
		822220B32B62775600CD2F66 /* AppetizersUITestsLaunchTests.swift in Sources */ = {isa = PBXBuildFile; fileRef = 822220B22B62775600CD2F66 /* AppetizersUITestsLaunchTests.swift */; };
		82CAC3C12B7B513300F0ADC4 /* AppetizersView.swift in Sources */ = {isa = PBXBuildFile; fileRef = 82CAC3C02B7B513300F0ADC4 /* AppetizersView.swift */; };
		82CAC3C32B7B514400F0ADC4 /* AccountView.swift in Sources */ = {isa = PBXBuildFile; fileRef = 82CAC3C22B7B514400F0ADC4 /* AccountView.swift */; };
		82CAC3C52B7B515E00F0ADC4 /* OrderView.swift in Sources */ = {isa = PBXBuildFile; fileRef = 82CAC3C42B7B515E00F0ADC4 /* OrderView.swift */; };
		82CAC3C82B7B5A2700F0ADC4 /* Appetizers.swift in Sources */ = {isa = PBXBuildFile; fileRef = 82CAC3C72B7B5A2700F0ADC4 /* Appetizers.swift */; };
		82CAC3CA2B7B6A6300F0ADC4 /* NetworkManager.swift in Sources */ = {isa = PBXBuildFile; fileRef = 82CAC3C92B7B6A6300F0ADC4 /* NetworkManager.swift */; };
		82CAC3CC2B7B6ACA00F0ADC4 /* AppetizerListCell.swift in Sources */ = {isa = PBXBuildFile; fileRef = 82CAC3CB2B7B6ACA00F0ADC4 /* AppetizerListCell.swift */; };
		82CAC3CE2B7B6D1A00F0ADC4 /* APError.swift in Sources */ = {isa = PBXBuildFile; fileRef = 82CAC3CD2B7B6D1A00F0ADC4 /* APError.swift */; };
/* End PBXBuildFile section */

/* Begin PBXContainerItemProxy section */
		822220A32B62775600CD2F66 /* PBXContainerItemProxy */ = {
			isa = PBXContainerItemProxy;
			containerPortal = 8222208A2B62775300CD2F66 /* Project object */;
			proxyType = 1;
			remoteGlobalIDString = 822220912B62775300CD2F66;
			remoteInfo = Appetizers;
		};
		822220AD2B62775600CD2F66 /* PBXContainerItemProxy */ = {
			isa = PBXContainerItemProxy;
			containerPortal = 8222208A2B62775300CD2F66 /* Project object */;
			proxyType = 1;
			remoteGlobalIDString = 822220912B62775300CD2F66;
			remoteInfo = Appetizers;
		};
/* End PBXContainerItemProxy section */

/* Begin PBXFileReference section */
		822220922B62775300CD2F66 /* Appetizers.app */ = {isa = PBXFileReference; explicitFileType = wrapper.application; includeInIndex = 0; path = Appetizers.app; sourceTree = BUILT_PRODUCTS_DIR; };
		822220952B62775300CD2F66 /* AppetizersApp.swift */ = {isa = PBXFileReference; lastKnownFileType = sourcecode.swift; path = AppetizersApp.swift; sourceTree = "<group>"; };
		822220972B62775300CD2F66 /* AppetizersTabView.swift */ = {isa = PBXFileReference; lastKnownFileType = sourcecode.swift; path = AppetizersTabView.swift; sourceTree = "<group>"; };
		822220992B62775500CD2F66 /* Assets.xcassets */ = {isa = PBXFileReference; lastKnownFileType = folder.assetcatalog; path = Assets.xcassets; sourceTree = "<group>"; };
		8222209C2B62775500CD2F66 /* Preview Assets.xcassets */ = {isa = PBXFileReference; lastKnownFileType = folder.assetcatalog; path = "Preview Assets.xcassets"; sourceTree = "<group>"; };
		822220A22B62775600CD2F66 /* AppetizersTests.xctest */ = {isa = PBXFileReference; explicitFileType = wrapper.cfbundle; includeInIndex = 0; path = AppetizersTests.xctest; sourceTree = BUILT_PRODUCTS_DIR; };
		822220A62B62775600CD2F66 /* AppetizersTests.swift */ = {isa = PBXFileReference; lastKnownFileType = sourcecode.swift; path = AppetizersTests.swift; sourceTree = "<group>"; };
		822220AC2B62775600CD2F66 /* AppetizersUITests.xctest */ = {isa = PBXFileReference; explicitFileType = wrapper.cfbundle; includeInIndex = 0; path = AppetizersUITests.xctest; sourceTree = BUILT_PRODUCTS_DIR; };
		822220B02B62775600CD2F66 /* AppetizersUITests.swift */ = {isa = PBXFileReference; lastKnownFileType = sourcecode.swift; path = AppetizersUITests.swift; sourceTree = "<group>"; };
		822220B22B62775600CD2F66 /* AppetizersUITestsLaunchTests.swift */ = {isa = PBXFileReference; lastKnownFileType = sourcecode.swift; path = AppetizersUITestsLaunchTests.swift; sourceTree = "<group>"; };
		82CAC3C02B7B513300F0ADC4 /* AppetizersView.swift */ = {isa = PBXFileReference; lastKnownFileType = sourcecode.swift; path = AppetizersView.swift; sourceTree = "<group>"; };
		82CAC3C22B7B514400F0ADC4 /* AccountView.swift */ = {isa = PBXFileReference; lastKnownFileType = sourcecode.swift; path = AccountView.swift; sourceTree = "<group>"; };
		82CAC3C42B7B515E00F0ADC4 /* OrderView.swift */ = {isa = PBXFileReference; lastKnownFileType = sourcecode.swift; path = OrderView.swift; sourceTree = "<group>"; };
		82CAC3C72B7B5A2700F0ADC4 /* Appetizers.swift */ = {isa = PBXFileReference; lastKnownFileType = sourcecode.swift; path = Appetizers.swift; sourceTree = "<group>"; };
		82CAC3C92B7B6A6300F0ADC4 /* NetworkManager.swift */ = {isa = PBXFileReference; lastKnownFileType = sourcecode.swift; path = NetworkManager.swift; sourceTree = "<group>"; };
		82CAC3CB2B7B6ACA00F0ADC4 /* AppetizerListCell.swift */ = {isa = PBXFileReference; lastKnownFileType = sourcecode.swift; path = AppetizerListCell.swift; sourceTree = "<group>"; };
		82CAC3CD2B7B6D1A00F0ADC4 /* APError.swift */ = {isa = PBXFileReference; lastKnownFileType = sourcecode.swift; path = APError.swift; sourceTree = "<group>"; };
/* End PBXFileReference section */

/* Begin PBXFrameworksBuildPhase section */
		8222208F2B62775300CD2F66 /* Frameworks */ = {
			isa = PBXFrameworksBuildPhase;
			buildActionMask = 2147483647;
			files = (
			);
			runOnlyForDeploymentPostprocessing = 0;
		};
		8222209F2B62775600CD2F66 /* Frameworks */ = {
			isa = PBXFrameworksBuildPhase;
			buildActionMask = 2147483647;
			files = (
			);
			runOnlyForDeploymentPostprocessing = 0;
		};
		822220A92B62775600CD2F66 /* Frameworks */ = {
			isa = PBXFrameworksBuildPhase;
			buildActionMask = 2147483647;
			files = (
			);
			runOnlyForDeploymentPostprocessing = 0;
		};
/* End PBXFrameworksBuildPhase section */

/* Begin PBXGroup section */
		822220892B62775300CD2F66 = {
			isa = PBXGroup;
			children = (
				822220942B62775300CD2F66 /* Appetizers */,
				822220A52B62775600CD2F66 /* AppetizersTests */,
				822220AF2B62775600CD2F66 /* AppetizersUITests */,
				822220932B62775300CD2F66 /* Products */,
			);
			sourceTree = "<group>";
		};
		822220932B62775300CD2F66 /* Products */ = {
			isa = PBXGroup;
			children = (
				822220922B62775300CD2F66 /* Appetizers.app */,
				822220A22B62775600CD2F66 /* AppetizersTests.xctest */,
				822220AC2B62775600CD2F66 /* AppetizersUITests.xctest */,
			);
			name = Products;
			sourceTree = "<group>";
		};
		822220942B62775300CD2F66 /* Appetizers */ = {
			isa = PBXGroup;
			children = (
				82CAC3C62B7B5A1400F0ADC4 /* Model */,
				822220952B62775300CD2F66 /* AppetizersApp.swift */,
				822220972B62775300CD2F66 /* AppetizersTabView.swift */,
				822220992B62775500CD2F66 /* Assets.xcassets */,
				8222209B2B62775500CD2F66 /* Preview Content */,
				82CAC3C02B7B513300F0ADC4 /* AppetizersView.swift */,
				82CAC3C22B7B514400F0ADC4 /* AccountView.swift */,
				82CAC3C42B7B515E00F0ADC4 /* OrderView.swift */,
				82CAC3C92B7B6A6300F0ADC4 /* NetworkManager.swift */,
				82CAC3CB2B7B6ACA00F0ADC4 /* AppetizerListCell.swift */,
				82CAC3CD2B7B6D1A00F0ADC4 /* APError.swift */,
			);
			path = Appetizers;
			sourceTree = "<group>";
		};
		8222209B2B62775500CD2F66 /* Preview Content */ = {
			isa = PBXGroup;
			children = (
				8222209C2B62775500CD2F66 /* Preview Assets.xcassets */,
			);
			path = "Preview Content";
			sourceTree = "<group>";
		};
		822220A52B62775600CD2F66 /* AppetizersTests */ = {
			isa = PBXGroup;
			children = (
				822220A62B62775600CD2F66 /* AppetizersTests.swift */,
			);
			path = AppetizersTests;
			sourceTree = "<group>";
		};
		822220AF2B62775600CD2F66 /* AppetizersUITests */ = {
			isa = PBXGroup;
			children = (
				822220B02B62775600CD2F66 /* AppetizersUITests.swift */,
				822220B22B62775600CD2F66 /* AppetizersUITestsLaunchTests.swift */,
			);
			path = AppetizersUITests;
			sourceTree = "<group>";
		};
		82CAC3C62B7B5A1400F0ADC4 /* Model */ = {
			isa = PBXGroup;
			children = (
				82CAC3C72B7B5A2700F0ADC4 /* Appetizers.swift */,
			);
			path = Model;
			sourceTree = "<group>";
		};
/* End PBXGroup section */

/* Begin PBXNativeTarget section */
		822220912B62775300CD2F66 /* Appetizers */ = {
			isa = PBXNativeTarget;
			buildConfigurationList = 822220B62B62775600CD2F66 /* Build configuration list for PBXNativeTarget "Appetizers" */;
			buildPhases = (
				8222208E2B62775300CD2F66 /* Sources */,
				8222208F2B62775300CD2F66 /* Frameworks */,
				822220902B62775300CD2F66 /* Resources */,
			);
			buildRules = (
			);
			dependencies = (
			);
			name = Appetizers;
			productName = Appetizers;
			productReference = 822220922B62775300CD2F66 /* Appetizers.app */;
			productType = "com.apple.product-type.application";
		};
		822220A12B62775600CD2F66 /* AppetizersTests */ = {
			isa = PBXNativeTarget;
			buildConfigurationList = 822220B92B62775600CD2F66 /* Build configuration list for PBXNativeTarget "AppetizersTests" */;
			buildPhases = (
				8222209E2B62775600CD2F66 /* Sources */,
				8222209F2B62775600CD2F66 /* Frameworks */,
				822220A02B62775600CD2F66 /* Resources */,
			);
			buildRules = (
			);
			dependencies = (
				822220A42B62775600CD2F66 /* PBXTargetDependency */,
			);
			name = AppetizersTests;
			productName = AppetizersTests;
			productReference = 822220A22B62775600CD2F66 /* AppetizersTests.xctest */;
			productType = "com.apple.product-type.bundle.unit-test";
		};
		822220AB2B62775600CD2F66 /* AppetizersUITests */ = {
			isa = PBXNativeTarget;
			buildConfigurationList = 822220BC2B62775600CD2F66 /* Build configuration list for PBXNativeTarget "AppetizersUITests" */;
			buildPhases = (
				822220A82B62775600CD2F66 /* Sources */,
				822220A92B62775600CD2F66 /* Frameworks */,
				822220AA2B62775600CD2F66 /* Resources */,
			);
			buildRules = (
			);
			dependencies = (
				822220AE2B62775600CD2F66 /* PBXTargetDependency */,
			);
			name = AppetizersUITests;
			productName = AppetizersUITests;
			productReference = 822220AC2B62775600CD2F66 /* AppetizersUITests.xctest */;
			productType = "com.apple.product-type.bundle.ui-testing";
		};
/* End PBXNativeTarget section */

/* Begin PBXProject section */
		8222208A2B62775300CD2F66 /* Project object */ = {
			isa = PBXProject;
			attributes = {
				BuildIndependentTargetsInParallel = 1;
				LastSwiftUpdateCheck = 1430;
				LastUpgradeCheck = 1430;
				TargetAttributes = {
					822220912B62775300CD2F66 = {
						CreatedOnToolsVersion = 14.3;
					};
					822220A12B62775600CD2F66 = {
						CreatedOnToolsVersion = 14.3;
						TestTargetID = 822220912B62775300CD2F66;
					};
					822220AB2B62775600CD2F66 = {
						CreatedOnToolsVersion = 14.3;
						TestTargetID = 822220912B62775300CD2F66;
					};
				};
			};
			buildConfigurationList = 8222208D2B62775300CD2F66 /* Build configuration list for PBXProject "Appetizers" */;
			compatibilityVersion = "Xcode 14.0";
			developmentRegion = en;
			hasScannedForEncodings = 0;
			knownRegions = (
				en,
				Base,
			);
			mainGroup = 822220892B62775300CD2F66;
			productRefGroup = 822220932B62775300CD2F66 /* Products */;
			projectDirPath = "";
			projectRoot = "";
			targets = (
				822220912B62775300CD2F66 /* Appetizers */,
				822220A12B62775600CD2F66 /* AppetizersTests */,
				822220AB2B62775600CD2F66 /* AppetizersUITests */,
			);
		};
/* End PBXProject section */

/* Begin PBXResourcesBuildPhase section */
		822220902B62775300CD2F66 /* Resources */ = {
			isa = PBXResourcesBuildPhase;
			buildActionMask = 2147483647;
			files = (
				8222209D2B62775500CD2F66 /* Preview Assets.xcassets in Resources */,
				8222209A2B62775500CD2F66 /* Assets.xcassets in Resources */,
			);
			runOnlyForDeploymentPostprocessing = 0;
		};
		822220A02B62775600CD2F66 /* Resources */ = {
			isa = PBXResourcesBuildPhase;
			buildActionMask = 2147483647;
			files = (
			);
			runOnlyForDeploymentPostprocessing = 0;
		};
		822220AA2B62775600CD2F66 /* Resources */ = {
			isa = PBXResourcesBuildPhase;
			buildActionMask = 2147483647;
			files = (
			);
			runOnlyForDeploymentPostprocessing = 0;
		};
/* End PBXResourcesBuildPhase section */

/* Begin PBXSourcesBuildPhase section */
		8222208E2B62775300CD2F66 /* Sources */ = {
			isa = PBXSourcesBuildPhase;
			buildActionMask = 2147483647;
			files = (
				82CAC3C32B7B514400F0ADC4 /* AccountView.swift in Sources */,
				82CAC3CE2B7B6D1A00F0ADC4 /* APError.swift in Sources */,
				82CAC3C12B7B513300F0ADC4 /* AppetizersView.swift in Sources */,
				822220982B62775300CD2F66 /* AppetizersTabView.swift in Sources */,
				82CAC3CA2B7B6A6300F0ADC4 /* NetworkManager.swift in Sources */,
				822220962B62775300CD2F66 /* AppetizersApp.swift in Sources */,
				82CAC3CC2B7B6ACA00F0ADC4 /* AppetizerListCell.swift in Sources */,
				82CAC3C82B7B5A2700F0ADC4 /* Appetizers.swift in Sources */,
				82CAC3C52B7B515E00F0ADC4 /* OrderView.swift in Sources */,
			);
			runOnlyForDeploymentPostprocessing = 0;
		};
		8222209E2B62775600CD2F66 /* Sources */ = {
			isa = PBXSourcesBuildPhase;
			buildActionMask = 2147483647;
			files = (
				822220A72B62775600CD2F66 /* AppetizersTests.swift in Sources */,
			);
			runOnlyForDeploymentPostprocessing = 0;
		};
		822220A82B62775600CD2F66 /* Sources */ = {
			isa = PBXSourcesBuildPhase;
			buildActionMask = 2147483647;
			files = (
				822220B12B62775600CD2F66 /* AppetizersUITests.swift in Sources */,
				822220B32B62775600CD2F66 /* AppetizersUITestsLaunchTests.swift in Sources */,
			);
			runOnlyForDeploymentPostprocessing = 0;
		};
/* End PBXSourcesBuildPhase section */

/* Begin PBXTargetDependency section */
		822220A42B62775600CD2F66 /* PBXTargetDependency */ = {
			isa = PBXTargetDependency;
			target = 822220912B62775300CD2F66 /* Appetizers */;
			targetProxy = 822220A32B62775600CD2F66 /* PBXContainerItemProxy */;
		};
		822220AE2B62775600CD2F66 /* PBXTargetDependency */ = {
			isa = PBXTargetDependency;
			target = 822220912B62775300CD2F66 /* Appetizers */;
			targetProxy = 822220AD2B62775600CD2F66 /* PBXContainerItemProxy */;
		};
/* End PBXTargetDependency section */

/* Begin XCBuildConfiguration section */
		822220B42B62775600CD2F66 /* Debug */ = {
			isa = XCBuildConfiguration;
			buildSettings = {
				ALWAYS_SEARCH_USER_PATHS = NO;
				CLANG_ANALYZER_NONNULL = YES;
				CLANG_ANALYZER_NUMBER_OBJECT_CONVERSION = YES_AGGRESSIVE;
				CLANG_CXX_LANGUAGE_STANDARD = "gnu++20";
				CLANG_ENABLE_MODULES = YES;
				CLANG_ENABLE_OBJC_ARC = YES;
				CLANG_ENABLE_OBJC_WEAK = YES;
				CLANG_WARN_BLOCK_CAPTURE_AUTORELEASING = YES;
				CLANG_WARN_BOOL_CONVERSION = YES;
				CLANG_WARN_COMMA = YES;
				CLANG_WARN_CONSTANT_CONVERSION = YES;
				CLANG_WARN_DEPRECATED_OBJC_IMPLEMENTATIONS = YES;
				CLANG_WARN_DIRECT_OBJC_ISA_USAGE = YES_ERROR;
				CLANG_WARN_DOCUMENTATION_COMMENTS = YES;
				CLANG_WARN_EMPTY_BODY = YES;
				CLANG_WARN_ENUM_CONVERSION = YES;
				CLANG_WARN_INFINITE_RECURSION = YES;
				CLANG_WARN_INT_CONVERSION = YES;
				CLANG_WARN_NON_LITERAL_NULL_CONVERSION = YES;
				CLANG_WARN_OBJC_IMPLICIT_RETAIN_SELF = YES;
				CLANG_WARN_OBJC_LITERAL_CONVERSION = YES;
				CLANG_WARN_OBJC_ROOT_CLASS = YES_ERROR;
				CLANG_WARN_QUOTED_INCLUDE_IN_FRAMEWORK_HEADER = YES;
				CLANG_WARN_RANGE_LOOP_ANALYSIS = YES;
				CLANG_WARN_STRICT_PROTOTYPES = YES;
				CLANG_WARN_SUSPICIOUS_MOVE = YES;
				CLANG_WARN_UNGUARDED_AVAILABILITY = YES_AGGRESSIVE;
				CLANG_WARN_UNREACHABLE_CODE = YES;
				CLANG_WARN__DUPLICATE_METHOD_MATCH = YES;
				COPY_PHASE_STRIP = NO;
				DEBUG_INFORMATION_FORMAT = dwarf;
				ENABLE_STRICT_OBJC_MSGSEND = YES;
				ENABLE_TESTABILITY = YES;
				GCC_C_LANGUAGE_STANDARD = gnu11;
				GCC_DYNAMIC_NO_PIC = NO;
				GCC_NO_COMMON_BLOCKS = YES;
				GCC_OPTIMIZATION_LEVEL = 0;
				GCC_PREPROCESSOR_DEFINITIONS = (
					"DEBUG=1",
					"$(inherited)",
				);
				GCC_WARN_64_TO_32_BIT_CONVERSION = YES;
				GCC_WARN_ABOUT_RETURN_TYPE = YES_ERROR;
				GCC_WARN_UNDECLARED_SELECTOR = YES;
				GCC_WARN_UNINITIALIZED_AUTOS = YES_AGGRESSIVE;
				GCC_WARN_UNUSED_FUNCTION = YES;
				GCC_WARN_UNUSED_VARIABLE = YES;
				IPHONEOS_DEPLOYMENT_TARGET = 16.4;
				MTL_ENABLE_DEBUG_INFO = INCLUDE_SOURCE;
				MTL_FAST_MATH = YES;
				ONLY_ACTIVE_ARCH = YES;
				SDKROOT = iphoneos;
				SWIFT_ACTIVE_COMPILATION_CONDITIONS = DEBUG;
				SWIFT_OPTIMIZATION_LEVEL = "-Onone";
			};
			name = Debug;
		};
		822220B52B62775600CD2F66 /* Release */ = {
			isa = XCBuildConfiguration;
			buildSettings = {
				ALWAYS_SEARCH_USER_PATHS = NO;
				CLANG_ANALYZER_NONNULL = YES;
				CLANG_ANALYZER_NUMBER_OBJECT_CONVERSION = YES_AGGRESSIVE;
				CLANG_CXX_LANGUAGE_STANDARD = "gnu++20";
				CLANG_ENABLE_MODULES = YES;
				CLANG_ENABLE_OBJC_ARC = YES;
				CLANG_ENABLE_OBJC_WEAK = YES;
				CLANG_WARN_BLOCK_CAPTURE_AUTORELEASING = YES;
				CLANG_WARN_BOOL_CONVERSION = YES;
				CLANG_WARN_COMMA = YES;
				CLANG_WARN_CONSTANT_CONVERSION = YES;
				CLANG_WARN_DEPRECATED_OBJC_IMPLEMENTATIONS = YES;
				CLANG_WARN_DIRECT_OBJC_ISA_USAGE = YES_ERROR;
				CLANG_WARN_DOCUMENTATION_COMMENTS = YES;
				CLANG_WARN_EMPTY_BODY = YES;
				CLANG_WARN_ENUM_CONVERSION = YES;
				CLANG_WARN_INFINITE_RECURSION = YES;
				CLANG_WARN_INT_CONVERSION = YES;
				CLANG_WARN_NON_LITERAL_NULL_CONVERSION = YES;
				CLANG_WARN_OBJC_IMPLICIT_RETAIN_SELF = YES;
				CLANG_WARN_OBJC_LITERAL_CONVERSION = YES;
				CLANG_WARN_OBJC_ROOT_CLASS = YES_ERROR;
				CLANG_WARN_QUOTED_INCLUDE_IN_FRAMEWORK_HEADER = YES;
				CLANG_WARN_RANGE_LOOP_ANALYSIS = YES;
				CLANG_WARN_STRICT_PROTOTYPES = YES;
				CLANG_WARN_SUSPICIOUS_MOVE = YES;
				CLANG_WARN_UNGUARDED_AVAILABILITY = YES_AGGRESSIVE;
				CLANG_WARN_UNREACHABLE_CODE = YES;
				CLANG_WARN__DUPLICATE_METHOD_MATCH = YES;
				COPY_PHASE_STRIP = NO;
				DEBUG_INFORMATION_FORMAT = "dwarf-with-dsym";
				ENABLE_NS_ASSERTIONS = NO;
				ENABLE_STRICT_OBJC_MSGSEND = YES;
				GCC_C_LANGUAGE_STANDARD = gnu11;
				GCC_NO_COMMON_BLOCKS = YES;
				GCC_WARN_64_TO_32_BIT_CONVERSION = YES;
				GCC_WARN_ABOUT_RETURN_TYPE = YES_ERROR;
				GCC_WARN_UNDECLARED_SELECTOR = YES;
				GCC_WARN_UNINITIALIZED_AUTOS = YES_AGGRESSIVE;
				GCC_WARN_UNUSED_FUNCTION = YES;
				GCC_WARN_UNUSED_VARIABLE = YES;
				IPHONEOS_DEPLOYMENT_TARGET = 16.4;
				MTL_ENABLE_DEBUG_INFO = NO;
				MTL_FAST_MATH = YES;
				SDKROOT = iphoneos;
				SWIFT_COMPILATION_MODE = wholemodule;
				SWIFT_OPTIMIZATION_LEVEL = "-O";
				VALIDATE_PRODUCT = YES;
			};
			name = Release;
		};
		822220B72B62775600CD2F66 /* Debug */ = {
			isa = XCBuildConfiguration;
			buildSettings = {
				ASSETCATALOG_COMPILER_APPICON_NAME = AppIcon;
				ASSETCATALOG_COMPILER_GLOBAL_ACCENT_COLOR_NAME = AccentColor;
				CODE_SIGN_STYLE = Automatic;
				CURRENT_PROJECT_VERSION = 1;
				DEVELOPMENT_ASSET_PATHS = "\"Appetizers/Preview Content\"";
				DEVELOPMENT_TEAM = 3D9VAD2697;
				ENABLE_PREVIEWS = YES;
				GENERATE_INFOPLIST_FILE = YES;
				INFOPLIST_KEY_UIApplicationSceneManifest_Generation = YES;
				INFOPLIST_KEY_UIApplicationSupportsIndirectInputEvents = YES;
				INFOPLIST_KEY_UILaunchScreen_Generation = YES;
				INFOPLIST_KEY_UISupportedInterfaceOrientations_iPad = "UIInterfaceOrientationPortrait UIInterfaceOrientationPortraitUpsideDown UIInterfaceOrientationLandscapeLeft UIInterfaceOrientationLandscapeRight";
				INFOPLIST_KEY_UISupportedInterfaceOrientations_iPhone = "UIInterfaceOrientationPortrait UIInterfaceOrientationLandscapeLeft UIInterfaceOrientationLandscapeRight";
				LD_RUNPATH_SEARCH_PATHS = (
					"$(inherited)",
					"@executable_path/Frameworks",
				);
				MARKETING_VERSION = 1.0;
				PRODUCT_BUNDLE_IDENTIFIER = "Essential-Developer.Appetizers";
				PRODUCT_NAME = "$(TARGET_NAME)";
				SWIFT_EMIT_LOC_STRINGS = YES;
				SWIFT_VERSION = 5.0;
				TARGETED_DEVICE_FAMILY = "1,2";
			};
			name = Debug;
		};
		822220B82B62775600CD2F66 /* Release */ = {
			isa = XCBuildConfiguration;
			buildSettings = {
				ASSETCATALOG_COMPILER_APPICON_NAME = AppIcon;
				ASSETCATALOG_COMPILER_GLOBAL_ACCENT_COLOR_NAME = AccentColor;
				CODE_SIGN_STYLE = Automatic;
				CURRENT_PROJECT_VERSION = 1;
				DEVELOPMENT_ASSET_PATHS = "\"Appetizers/Preview Content\"";
				DEVELOPMENT_TEAM = 3D9VAD2697;
				ENABLE_PREVIEWS = YES;
				GENERATE_INFOPLIST_FILE = YES;
				INFOPLIST_KEY_UIApplicationSceneManifest_Generation = YES;
				INFOPLIST_KEY_UIApplicationSupportsIndirectInputEvents = YES;
				INFOPLIST_KEY_UILaunchScreen_Generation = YES;
				INFOPLIST_KEY_UISupportedInterfaceOrientations_iPad = "UIInterfaceOrientationPortrait UIInterfaceOrientationPortraitUpsideDown UIInterfaceOrientationLandscapeLeft UIInterfaceOrientationLandscapeRight";
				INFOPLIST_KEY_UISupportedInterfaceOrientations_iPhone = "UIInterfaceOrientationPortrait UIInterfaceOrientationLandscapeLeft UIInterfaceOrientationLandscapeRight";
				LD_RUNPATH_SEARCH_PATHS = (
					"$(inherited)",
					"@executable_path/Frameworks",
				);
				MARKETING_VERSION = 1.0;
				PRODUCT_BUNDLE_IDENTIFIER = "Essential-Developer.Appetizers";
				PRODUCT_NAME = "$(TARGET_NAME)";
				SWIFT_EMIT_LOC_STRINGS = YES;
				SWIFT_VERSION = 5.0;
				TARGETED_DEVICE_FAMILY = "1,2";
			};
			name = Release;
		};
		822220BA2B62775600CD2F66 /* Debug */ = {
			isa = XCBuildConfiguration;
			buildSettings = {
				ALWAYS_EMBED_SWIFT_STANDARD_LIBRARIES = YES;
				BUNDLE_LOADER = "$(TEST_HOST)";
				CODE_SIGN_STYLE = Automatic;
				CURRENT_PROJECT_VERSION = 1;
				DEVELOPMENT_TEAM = 3D9VAD2697;
				GENERATE_INFOPLIST_FILE = YES;
				IPHONEOS_DEPLOYMENT_TARGET = 16.4;
				MARKETING_VERSION = 1.0;
				PRODUCT_BUNDLE_IDENTIFIER = "Essential-Developer.AppetizersTests";
				PRODUCT_NAME = "$(TARGET_NAME)";
				SWIFT_EMIT_LOC_STRINGS = NO;
				SWIFT_VERSION = 5.0;
				TARGETED_DEVICE_FAMILY = "1,2";
				TEST_HOST = "$(BUILT_PRODUCTS_DIR)/Appetizers.app/$(BUNDLE_EXECUTABLE_FOLDER_PATH)/Appetizers";
			};
			name = Debug;
		};
		822220BB2B62775600CD2F66 /* Release */ = {
			isa = XCBuildConfiguration;
			buildSettings = {
				ALWAYS_EMBED_SWIFT_STANDARD_LIBRARIES = YES;
				BUNDLE_LOADER = "$(TEST_HOST)";
				CODE_SIGN_STYLE = Automatic;
				CURRENT_PROJECT_VERSION = 1;
				DEVELOPMENT_TEAM = 3D9VAD2697;
				GENERATE_INFOPLIST_FILE = YES;
				IPHONEOS_DEPLOYMENT_TARGET = 16.4;
				MARKETING_VERSION = 1.0;
				PRODUCT_BUNDLE_IDENTIFIER = "Essential-Developer.AppetizersTests";
				PRODUCT_NAME = "$(TARGET_NAME)";
				SWIFT_EMIT_LOC_STRINGS = NO;
				SWIFT_VERSION = 5.0;
				TARGETED_DEVICE_FAMILY = "1,2";
				TEST_HOST = "$(BUILT_PRODUCTS_DIR)/Appetizers.app/$(BUNDLE_EXECUTABLE_FOLDER_PATH)/Appetizers";
			};
			name = Release;
		};
		822220BD2B62775600CD2F66 /* Debug */ = {
			isa = XCBuildConfiguration;
			buildSettings = {
				ALWAYS_EMBED_SWIFT_STANDARD_LIBRARIES = YES;
				CODE_SIGN_STYLE = Automatic;
				CURRENT_PROJECT_VERSION = 1;
				DEVELOPMENT_TEAM = 3D9VAD2697;
				GENERATE_INFOPLIST_FILE = YES;
				MARKETING_VERSION = 1.0;
				PRODUCT_BUNDLE_IDENTIFIER = "Essential-Developer.AppetizersUITests";
				PRODUCT_NAME = "$(TARGET_NAME)";
				SWIFT_EMIT_LOC_STRINGS = NO;
				SWIFT_VERSION = 5.0;
				TARGETED_DEVICE_FAMILY = "1,2";
				TEST_TARGET_NAME = Appetizers;
			};
			name = Debug;
		};
		822220BE2B62775600CD2F66 /* Release */ = {
			isa = XCBuildConfiguration;
			buildSettings = {
				ALWAYS_EMBED_SWIFT_STANDARD_LIBRARIES = YES;
				CODE_SIGN_STYLE = Automatic;
				CURRENT_PROJECT_VERSION = 1;
				DEVELOPMENT_TEAM = 3D9VAD2697;
				GENERATE_INFOPLIST_FILE = YES;
				MARKETING_VERSION = 1.0;
				PRODUCT_BUNDLE_IDENTIFIER = "Essential-Developer.AppetizersUITests";
				PRODUCT_NAME = "$(TARGET_NAME)";
				SWIFT_EMIT_LOC_STRINGS = NO;
				SWIFT_VERSION = 5.0;
				TARGETED_DEVICE_FAMILY = "1,2";
				TEST_TARGET_NAME = Appetizers;
			};
			name = Release;
		};
/* End XCBuildConfiguration section */

/* Begin XCConfigurationList section */
		8222208D2B62775300CD2F66 /* Build configuration list for PBXProject "Appetizers" */ = {
			isa = XCConfigurationList;
			buildConfigurations = (
				822220B42B62775600CD2F66 /* Debug */,
				822220B52B62775600CD2F66 /* Release */,
			);
			defaultConfigurationIsVisible = 0;
			defaultConfigurationName = Release;
		};
		822220B62B62775600CD2F66 /* Build configuration list for PBXNativeTarget "Appetizers" */ = {
			isa = XCConfigurationList;
			buildConfigurations = (
				822220B72B62775600CD2F66 /* Debug */,
				822220B82B62775600CD2F66 /* Release */,
			);
			defaultConfigurationIsVisible = 0;
			defaultConfigurationName = Release;
		};
		822220B92B62775600CD2F66 /* Build configuration list for PBXNativeTarget "AppetizersTests" */ = {
			isa = XCConfigurationList;
			buildConfigurations = (
				822220BA2B62775600CD2F66 /* Debug */,
				822220BB2B62775600CD2F66 /* Release */,
			);
			defaultConfigurationIsVisible = 0;
			defaultConfigurationName = Release;
		};
		822220BC2B62775600CD2F66 /* Build configuration list for PBXNativeTarget "AppetizersUITests" */ = {
			isa = XCConfigurationList;
			buildConfigurations = (
				822220BD2B62775600CD2F66 /* Debug */,
				822220BE2B62775600CD2F66 /* Release */,
			);
			defaultConfigurationIsVisible = 0;
			defaultConfigurationName = Release;
		};
/* End XCConfigurationList section */
	};
	rootObject = 8222208A2B62775300CD2F66 /* Project object */;
}
